version = 1
revision = 3
requires-python = ">=3.13"

[[package]]
name = "cast-video"
version = "0.1.0"
source = { virtual = "." }
dependencies = [
    { name = "catt" },
    { name = "pychromecast" },
    { name = "rangehttpserver" },
]

[package.metadata]
requires-dist = [
    { name = "catt", specifier = ">=0.13.1" },
    { name = "pychromecast", specifier = ">=14.0.9" },
    { name = "rangehttpserver", specifier = ">=1.4.0" },
]

[[package]]
name = "casttube"
version = "0.2.1"
source = { registry = "https://pypi.org/simple" }
dependencies = [
    { name = "requests" },
]
sdist = { url = "https://files.pythonhosted.org/packages/78/54/f7e80d701c587940cf1c871fb6327b4a2682df4287896fbf9400cd0bbf21/casttube-0.2.1.tar.gz", hash = "sha256:54d2af8c7949aa9c5db87fb11ef0a478a5d3e7ac6d2d2ac8dd1711e3a516fc82", size = 5182, upload-time = "2020-04-08T12:54:07.745Z" }
wheels = [
    { url = "https://files.pythonhosted.org/packages/0a/d2/0f5006892e07ea342d57dbeda46027e99a097ffb6218bee1e37f9776ed95/casttube-0.2.1-py3-none-any.whl", hash = "sha256:36f118007f9eead3959cf30de03c1640b53a263569ff2a3971c0521826c835b2", size = 6513, upload-time = "2020-04-08T12:54:06.107Z" },
]

[[package]]
name = "catt"
version = "0.13.1"
source = { registry = "https://pypi.org/simple" }
dependencies = [
    { name = "click" },
    { name = "ifaddr" },
    { name = "pychromecast" },
    { name = "requests" },
    { name = "yt-dlp" },
]
sdist = { url = "https://files.pythonhosted.org/packages/4d/68/e7e441ac52c680a10f2cc51fe69ab59b07799c36cfa66b5b749d9a7a9f88/catt-0.13.1.tar.gz", hash = "sha256:865081d3a9789f369fbdc9c13425d6889b093663fc9fbdf56d082ae71bd466f3", size = 25083, upload-time = "2025-08-19T12:13:33.552Z" }
wheels = [
    { url = "https://files.pythonhosted.org/packages/a1/36/b7498a1d973d886fb2d16dc28a41c8ca7028a5177ec8e458c4ed75977f3b/catt-0.13.1-py3-none-any.whl", hash = "sha256:e906421d9115ad1c5df2d3f5e86d38ffcd129565b48179bca2a2335f51a3dc18", size = 27405, upload-time = "2025-08-19T12:13:32.084Z" },
]

[[package]]
name = "certifi"
version = "2025.10.5"
source = { registry = "https://pypi.org/simple" }
sdist = { url = "https://files.pythonhosted.org/packages/4c/5b/b6ce21586237c77ce67d01dc5507039d444b630dd76611bbca2d8e5dcd91/certifi-2025.10.5.tar.gz", hash = "sha256:47c09d31ccf2acf0be3f701ea53595ee7e0b8fa08801c6624be771df09ae7b43", size = 164519, upload-time = "2025-10-05T04:12:15.808Z" }
wheels = [
    { url = "https://files.pythonhosted.org/packages/e4/37/af0d2ef3967ac0d6113837b44a4f0bfe1328c2b9763bd5b1744520e5cfed/certifi-2025.10.5-py3-none-any.whl", hash = "sha256:0f212c2744a9bb6de0c56639a6f68afe01ecd92d91f14ae897c4fe7bbeeef0de", size = 163286, upload-time = "2025-10-05T04:12:14.03Z" },
]

[[package]]
name = "charset-normalizer"
version = "3.4.4"
source = { registry = "https://pypi.org/simple" }
sdist = { url = "https://files.pythonhosted.org/packages/13/69/33ddede1939fdd074bce5434295f38fae7136463422fe4fd3e0e89b98062/charset_normalizer-3.4.4.tar.gz", hash = "sha256:94537985111c35f28720e43603b8e7b43a6ecfb2ce1d3058bbe955b73404e21a", size = 129418, upload-time = "2025-10-14T04:42:32.879Z" }
wheels = [
    { url = "https://files.pythonhosted.org/packages/97/45/4b3a1239bbacd321068ea6e7ac28875b03ab8bc0aa0966452db17cd36714/charset_normalizer-3.4.4-cp313-cp313-macosx_10_13_universal2.whl", hash = "sha256:e1f185f86a6f3403aa2420e815904c67b2f9ebc443f045edd0de921108345794", size = 208091, upload-time = "2025-10-14T04:41:13.346Z" },
    { url = "https://files.pythonhosted.org/packages/7d/62/73a6d7450829655a35bb88a88fca7d736f9882a27eacdca2c6d505b57e2e/charset_normalizer-3.4.4-cp313-cp313-manylinux2014_aarch64.manylinux_2_17_aarch64.manylinux_2_28_aarch64.whl", hash = "sha256:6b39f987ae8ccdf0d2642338faf2abb1862340facc796048b604ef14919e55ed", size = 147936, upload-time = "2025-10-14T04:41:14.461Z" },
    { url = "https://files.pythonhosted.org/packages/89/c5/adb8c8b3d6625bef6d88b251bbb0d95f8205831b987631ab0c8bb5d937c2/charset_normalizer-3.4.4-cp313-cp313-manylinux2014_armv7l.manylinux_2_17_armv7l.manylinux_2_31_armv7l.whl", hash = "sha256:3162d5d8ce1bb98dd51af660f2121c55d0fa541b46dff7bb9b9f86ea1d87de72", size = 144180, upload-time = "2025-10-14T04:41:15.588Z" },
    { url = "https://files.pythonhosted.org/packages/91/ed/9706e4070682d1cc219050b6048bfd293ccf67b3d4f5a4f39207453d4b99/charset_normalizer-3.4.4-cp313-cp313-manylinux2014_ppc64le.manylinux_2_17_ppc64le.manylinux_2_28_ppc64le.whl", hash = "sha256:81d5eb2a312700f4ecaa977a8235b634ce853200e828fbadf3a9c50bab278328", size = 161346, upload-time = "2025-10-14T04:41:16.738Z" },
    { url = "https://files.pythonhosted.org/packages/d5/0d/031f0d95e4972901a2f6f09ef055751805ff541511dc1252ba3ca1f80cf5/charset_normalizer-3.4.4-cp313-cp313-manylinux2014_s390x.manylinux_2_17_s390x.manylinux_2_28_s390x.whl", hash = "sha256:5bd2293095d766545ec1a8f612559f6b40abc0eb18bb2f5d1171872d34036ede", size = 158874, upload-time = "2025-10-14T04:41:17.923Z" },
    { url = "https://files.pythonhosted.org/packages/f5/83/6ab5883f57c9c801ce5e5677242328aa45592be8a00644310a008d04f922/charset_normalizer-3.4.4-cp313-cp313-manylinux2014_x86_64.manylinux_2_17_x86_64.manylinux_2_28_x86_64.whl", hash = "sha256:a8a8b89589086a25749f471e6a900d3f662d1d3b6e2e59dcecf787b1cc3a1894", size = 153076, upload-time = "2025-10-14T04:41:19.106Z" },
    { url = "https://files.pythonhosted.org/packages/75/1e/5ff781ddf5260e387d6419959ee89ef13878229732732ee73cdae01800f2/charset_normalizer-3.4.4-cp313-cp313-manylinux_2_31_riscv64.manylinux_2_39_riscv64.whl", hash = "sha256:bc7637e2f80d8530ee4a78e878bce464f70087ce73cf7c1caf142416923b98f1", size = 150601, upload-time = "2025-10-14T04:41:20.245Z" },
    { url = "https://files.pythonhosted.org/packages/d7/57/71be810965493d3510a6ca79b90c19e48696fb1ff964da319334b12677f0/charset_normalizer-3.4.4-cp313-cp313-musllinux_1_2_aarch64.whl", hash = "sha256:f8bf04158c6b607d747e93949aa60618b61312fe647a6369f88ce2ff16043490", size = 150376, upload-time = "2025-10-14T04:41:21.398Z" },
    { url = "https://files.pythonhosted.org/packages/e5/d5/c3d057a78c181d007014feb7e9f2e65905a6c4ef182c0ddf0de2924edd65/charset_normalizer-3.4.4-cp313-cp313-musllinux_1_2_armv7l.whl", hash = "sha256:554af85e960429cf30784dd47447d5125aaa3b99a6f0683589dbd27e2f45da44", size = 144825, upload-time = "2025-10-14T04:41:22.583Z" },
    { url = "https://files.pythonhosted.org/packages/e6/8c/d0406294828d4976f275ffbe66f00266c4b3136b7506941d87c00cab5272/charset_normalizer-3.4.4-cp313-cp313-musllinux_1_2_ppc64le.whl", hash = "sha256:74018750915ee7ad843a774364e13a3db91682f26142baddf775342c3f5b1133", size = 162583, upload-time = "2025-10-14T04:41:23.754Z" },
    { url = "https://files.pythonhosted.org/packages/d7/24/e2aa1f18c8f15c4c0e932d9287b8609dd30ad56dbe41d926bd846e22fb8d/charset_normalizer-3.4.4-cp313-cp313-musllinux_1_2_riscv64.whl", hash = "sha256:c0463276121fdee9c49b98908b3a89c39be45d86d1dbaa22957e38f6321d4ce3", size = 150366, upload-time = "2025-10-14T04:41:25.27Z" },
    { url = "https://files.pythonhosted.org/packages/e4/5b/1e6160c7739aad1e2df054300cc618b06bf784a7a164b0f238360721ab86/charset_normalizer-3.4.4-cp313-cp313-musllinux_1_2_s390x.whl", hash = "sha256:362d61fd13843997c1c446760ef36f240cf81d3ebf74ac62652aebaf7838561e", size = 160300, upload-time = "2025-10-14T04:41:26.725Z" },
    { url = "https://files.pythonhosted.org/packages/7a/10/f882167cd207fbdd743e55534d5d9620e095089d176d55cb22d5322f2afd/charset_normalizer-3.4.4-cp313-cp313-musllinux_1_2_x86_64.whl", hash = "sha256:9a26f18905b8dd5d685d6d07b0cdf98a79f3c7a918906af7cc143ea2e164c8bc", size = 154465, upload-time = "2025-10-14T04:41:28.322Z" },
    { url = "https://files.pythonhosted.org/packages/89/66/c7a9e1b7429be72123441bfdbaf2bc13faab3f90b933f664db506dea5915/charset_normalizer-3.4.4-cp313-cp313-win32.whl", hash = "sha256:9b35f4c90079ff2e2edc5b26c0c77925e5d2d255c42c74fdb70fb49b172726ac", size = 99404, upload-time = "2025-10-14T04:41:29.95Z" },
    { url = "https://files.pythonhosted.org/packages/c4/26/b9924fa27db384bdcd97ab83b4f0a8058d96ad9626ead570674d5e737d90/charset_normalizer-3.4.4-cp313-cp313-win_amd64.whl", hash = "sha256:b435cba5f4f750aa6c0a0d92c541fb79f69a387c91e61f1795227e4ed9cece14", size = 107092, upload-time = "2025-10-14T04:41:31.188Z" },
    { url = "https://files.pythonhosted.org/packages/af/8f/3ed4bfa0c0c72a7ca17f0380cd9e4dd842b09f664e780c13cff1dcf2ef1b/charset_normalizer-3.4.4-cp313-cp313-win_arm64.whl", hash = "sha256:542d2cee80be6f80247095cc36c418f7bddd14f4a6de45af91dfad36d817bba2", size = 100408, upload-time = "2025-10-14T04:41:32.624Z" },
    { url = "https://files.pythonhosted.org/packages/2a/35/7051599bd493e62411d6ede36fd5af83a38f37c4767b92884df7301db25d/charset_normalizer-3.4.4-cp314-cp314-macosx_10_13_universal2.whl", hash = "sha256:da3326d9e65ef63a817ecbcc0df6e94463713b754fe293eaa03da99befb9a5bd", size = 207746, upload-time = "2025-10-14T04:41:33.773Z" },
    { url = "https://files.pythonhosted.org/packages/10/9a/97c8d48ef10d6cd4fcead2415523221624bf58bcf68a802721a6bc807c8f/charset_normalizer-3.4.4-cp314-cp314-manylinux2014_aarch64.manylinux_2_17_aarch64.manylinux_2_28_aarch64.whl", hash = "sha256:8af65f14dc14a79b924524b1e7fffe304517b2bff5a58bf64f30b98bbc5079eb", size = 147889, upload-time = "2025-10-14T04:41:34.897Z" },
    { url = "https://files.pythonhosted.org/packages/10/bf/979224a919a1b606c82bd2c5fa49b5c6d5727aa47b4312bb27b1734f53cd/charset_normalizer-3.4.4-cp314-cp314-manylinux2014_armv7l.manylinux_2_17_armv7l.manylinux_2_31_armv7l.whl", hash = "sha256:74664978bb272435107de04e36db5a9735e78232b85b77d45cfb38f758efd33e", size = 143641, upload-time = "2025-10-14T04:41:36.116Z" },
    { url = "https://files.pythonhosted.org/packages/ba/33/0ad65587441fc730dc7bd90e9716b30b4702dc7b617e6ba4997dc8651495/charset_normalizer-3.4.4-cp314-cp314-manylinux2014_ppc64le.manylinux_2_17_ppc64le.manylinux_2_28_ppc64le.whl", hash = "sha256:752944c7ffbfdd10c074dc58ec2d5a8a4cd9493b314d367c14d24c17684ddd14", size = 160779, upload-time = "2025-10-14T04:41:37.229Z" },
    { url = "https://files.pythonhosted.org/packages/67/ed/331d6b249259ee71ddea93f6f2f0a56cfebd46938bde6fcc6f7b9a3d0e09/charset_normalizer-3.4.4-cp314-cp314-manylinux2014_s390x.manylinux_2_17_s390x.manylinux_2_28_s390x.whl", hash = "sha256:d1f13550535ad8cff21b8d757a3257963e951d96e20ec82ab44bc64aeb62a191", size = 159035, upload-time = "2025-10-14T04:41:38.368Z" },
    { url = "https://files.pythonhosted.org/packages/67/ff/f6b948ca32e4f2a4576aa129d8bed61f2e0543bf9f5f2b7fc3758ed005c9/charset_normalizer-3.4.4-cp314-cp314-manylinux2014_x86_64.manylinux_2_17_x86_64.manylinux_2_28_x86_64.whl", hash = "sha256:ecaae4149d99b1c9e7b88bb03e3221956f68fd6d50be2ef061b2381b61d20838", size = 152542, upload-time = "2025-10-14T04:41:39.862Z" },
    { url = "https://files.pythonhosted.org/packages/16/85/276033dcbcc369eb176594de22728541a925b2632f9716428c851b149e83/charset_normalizer-3.4.4-cp314-cp314-manylinux_2_31_riscv64.manylinux_2_39_riscv64.whl", hash = "sha256:cb6254dc36b47a990e59e1068afacdcd02958bdcce30bb50cc1700a8b9d624a6", size = 149524, upload-time = "2025-10-14T04:41:41.319Z" },
    { url = "https://files.pythonhosted.org/packages/9e/f2/6a2a1f722b6aba37050e626530a46a68f74e63683947a8acff92569f979a/charset_normalizer-3.4.4-cp314-cp314-musllinux_1_2_aarch64.whl", hash = "sha256:c8ae8a0f02f57a6e61203a31428fa1d677cbe50c93622b4149d5c0f319c1d19e", size = 150395, upload-time = "2025-10-14T04:41:42.539Z" },
    { url = "https://files.pythonhosted.org/packages/60/bb/2186cb2f2bbaea6338cad15ce23a67f9b0672929744381e28b0592676824/charset_normalizer-3.4.4-cp314-cp314-musllinux_1_2_armv7l.whl", hash = "sha256:47cc91b2f4dd2833fddaedd2893006b0106129d4b94fdb6af1f4ce5a9965577c", size = 143680, upload-time = "2025-10-14T04:41:43.661Z" },
    { url = "https://files.pythonhosted.org/packages/7d/a5/bf6f13b772fbb2a90360eb620d52ed8f796f3c5caee8398c3b2eb7b1c60d/charset_normalizer-3.4.4-cp314-cp314-musllinux_1_2_ppc64le.whl", hash = "sha256:82004af6c302b5d3ab2cfc4cc5f29db16123b1a8417f2e25f9066f91d4411090", size = 162045, upload-time = "2025-10-14T04:41:44.821Z" },
    { url = "https://files.pythonhosted.org/packages/df/c5/d1be898bf0dc3ef9030c3825e5d3b83f2c528d207d246cbabe245966808d/charset_normalizer-3.4.4-cp314-cp314-musllinux_1_2_riscv64.whl", hash = "sha256:2b7d8f6c26245217bd2ad053761201e9f9680f8ce52f0fcd8d0755aeae5b2152", size = 149687, upload-time = "2025-10-14T04:41:46.442Z" },
    { url = "https://files.pythonhosted.org/packages/a5/42/90c1f7b9341eef50c8a1cb3f098ac43b0508413f33affd762855f67a410e/charset_normalizer-3.4.4-cp314-cp314-musllinux_1_2_s390x.whl", hash = "sha256:799a7a5e4fb2d5898c60b640fd4981d6a25f1c11790935a44ce38c54e985f828", size = 160014, upload-time = "2025-10-14T04:41:47.631Z" },
    { url = "https://files.pythonhosted.org/packages/76/be/4d3ee471e8145d12795ab655ece37baed0929462a86e72372fd25859047c/charset_normalizer-3.4.4-cp314-cp314-musllinux_1_2_x86_64.whl", hash = "sha256:99ae2cffebb06e6c22bdc25801d7b30f503cc87dbd283479e7b606f70aff57ec", size = 154044, upload-time = "2025-10-14T04:41:48.81Z" },
    { url = "https://files.pythonhosted.org/packages/b0/6f/8f7af07237c34a1defe7defc565a9bc1807762f672c0fde711a4b22bf9c0/charset_normalizer-3.4.4-cp314-cp314-win32.whl", hash = "sha256:f9d332f8c2a2fcbffe1378594431458ddbef721c1769d78e2cbc06280d8155f9", size = 99940, upload-time = "2025-10-14T04:41:49.946Z" },
    { url = "https://files.pythonhosted.org/packages/4b/51/8ade005e5ca5b0d80fb4aff72a3775b325bdc3d27408c8113811a7cbe640/charset_normalizer-3.4.4-cp314-cp314-win_amd64.whl", hash = "sha256:8a6562c3700cce886c5be75ade4a5db4214fda19fede41d9792d100288d8f94c", size = 107104, upload-time = "2025-10-14T04:41:51.051Z" },
    { url = "https://files.pythonhosted.org/packages/da/5f/6b8f83a55bb8278772c5ae54a577f3099025f9ade59d0136ac24a0df4bde/charset_normalizer-3.4.4-cp314-cp314-win_arm64.whl", hash = "sha256:de00632ca48df9daf77a2c65a484531649261ec9f25489917f09e455cb09ddb2", size = 100743, upload-time = "2025-10-14T04:41:52.122Z" },
    { url = "https://files.pythonhosted.org/packages/0a/4c/925909008ed5a988ccbb72dcc897407e5d6d3bd72410d69e051fc0c14647/charset_normalizer-3.4.4-py3-none-any.whl", hash = "sha256:7a32c560861a02ff789ad905a2fe94e3f840803362c84fecf1851cb4cf3dc37f", size = 53402, upload-time = "2025-10-14T04:42:31.76Z" },
]

[[package]]
name = "click"
version = "8.3.0"
source = { registry = "https://pypi.org/simple" }
dependencies = [
    { name = "colorama", marker = "sys_platform == 'win32'" },
]
sdist = { url = "https://files.pythonhosted.org/packages/46/61/de6cd827efad202d7057d93e0fed9294b96952e188f7384832791c7b2254/click-8.3.0.tar.gz", hash = "sha256:e7b8232224eba16f4ebe410c25ced9f7875cb5f3263ffc93cc3e8da705e229c4", size = 276943, upload-time = "2025-09-18T17:32:23.696Z" }
wheels = [
    { url = "https://files.pythonhosted.org/packages/db/d3/9dcc0f5797f070ec8edf30fbadfb200e71d9db6b84d211e3b2085a7589a0/click-8.3.0-py3-none-any.whl", hash = "sha256:9b9f285302c6e3064f4330c05f05b81945b2a39544279343e6e7c5f27a9baddc", size = 107295, upload-time = "2025-09-18T17:32:22.42Z" },
]

[[package]]
name = "colorama"
version = "0.4.6"
source = { registry = "https://pypi.org/simple" }
sdist = { url = "https://files.pythonhosted.org/packages/d8/53/6f443c9a4a8358a93a6792e2acffb9d9d5cb0a5cfd8802644b7b1c9a02e4/colorama-0.4.6.tar.gz", hash = "sha256:08695f5cb7ed6e0531a20572697297273c47b8cae5a63ffc6d6ed5c201be6e44", size = 27697, upload-time = "2022-10-25T02:36:22.414Z" }
wheels = [
    { url = "https://files.pythonhosted.org/packages/d1/d6/3965ed04c63042e047cb6a3e6ed1a63a35087b6a609aa3a15ed8ac56c221/colorama-0.4.6-py2.py3-none-any.whl", hash = "sha256:4f1d9991f5acc0ca119f9d443620b77f9d6b33703e51011c16baf57afb285fc6", size = 25335, upload-time = "2022-10-25T02:36:20.889Z" },
]

[[package]]
name = "idna"
version = "3.11"
source = { registry = "https://pypi.org/simple" }
sdist = { url = "https://files.pythonhosted.org/packages/6f/6d/0703ccc57f3a7233505399edb88de3cbd678da106337b9fcde432b65ed60/idna-3.11.tar.gz", hash = "sha256:795dafcc9c04ed0c1fb032c2aa73654d8e8c5023a7df64a53f39190ada629902", size = 194582, upload-time = "2025-10-12T14:55:20.501Z" }
wheels = [
    { url = "https://files.pythonhosted.org/packages/0e/61/66938bbb5fc52dbdf84594873d5b51fb1f7c7794e9c0f5bd885f30bc507b/idna-3.11-py3-none-any.whl", hash = "sha256:771a87f49d9defaf64091e6e6fe9c18d4833f140bd19464795bc32d966ca37ea", size = 71008, upload-time = "2025-10-12T14:55:18.883Z" },
]

[[package]]
name = "ifaddr"
version = "0.2.0"
source = { registry = "https://pypi.org/simple" }
sdist = { url = "https://files.pythonhosted.org/packages/e8/ac/fb4c578f4a3256561548cd825646680edcadb9440f3f68add95ade1eb791/ifaddr-0.2.0.tar.gz", hash = "sha256:cc0cbfcaabf765d44595825fb96a99bb12c79716b73b44330ea38ee2b0c4aed4", size = 10485, upload-time = "2022-06-15T21:40:27.561Z" }
wheels = [
    { url = "https://files.pythonhosted.org/packages/9c/1f/19ebc343cc71a7ffa78f17018535adc5cbdd87afb31d7c34874680148b32/ifaddr-0.2.0-py3-none-any.whl", hash = "sha256:085e0305cfe6f16ab12d72e2024030f5d52674afad6911bb1eee207177b8a748", size = 12314, upload-time = "2022-06-15T21:40:25.756Z" },
]

[[package]]
name = "protobuf"
version = "6.33.0"
source = { registry = "https://pypi.org/simple" }
sdist = { url = "https://files.pythonhosted.org/packages/19/ff/64a6c8f420818bb873713988ca5492cba3a7946be57e027ac63495157d97/protobuf-6.33.0.tar.gz", hash = "sha256:140303d5c8d2037730c548f8c7b93b20bb1dc301be280c378b82b8894589c954", size = 443463, upload-time = "2025-10-15T20:39:52.159Z" }
wheels = [
    { url = "https://files.pythonhosted.org/packages/7e/ee/52b3fa8feb6db4a833dfea4943e175ce645144532e8a90f72571ad85df4e/protobuf-6.33.0-cp310-abi3-win32.whl", hash = "sha256:d6101ded078042a8f17959eccd9236fb7a9ca20d3b0098bbcb91533a5680d035", size = 425593, upload-time = "2025-10-15T20:39:40.29Z" },
    { url = "https://files.pythonhosted.org/packages/7b/c6/7a465f1825872c55e0341ff4a80198743f73b69ce5d43ab18043699d1d81/protobuf-6.33.0-cp310-abi3-win_amd64.whl", hash = "sha256:9a031d10f703f03768f2743a1c403af050b6ae1f3480e9c140f39c45f81b13ee", size = 436882, upload-time = "2025-10-15T20:39:42.841Z" },
    { url = "https://files.pythonhosted.org/packages/e1/a9/b6eee662a6951b9c3640e8e452ab3e09f117d99fc10baa32d1581a0d4099/protobuf-6.33.0-cp39-abi3-macosx_10_9_universal2.whl", hash = "sha256:905b07a65f1a4b72412314082c7dbfae91a9e8b68a0cc1577515f8df58ecf455", size = 427521, upload-time = "2025-10-15T20:39:43.803Z" },
    { url = "https://files.pythonhosted.org/packages/10/35/16d31e0f92c6d2f0e77c2a3ba93185130ea13053dd16200a57434c882f2b/protobuf-6.33.0-cp39-abi3-manylinux2014_aarch64.whl", hash = "sha256:e0697ece353e6239b90ee43a9231318302ad8353c70e6e45499fa52396debf90", size = 324445, upload-time = "2025-10-15T20:39:44.932Z" },
    { url = "https://files.pythonhosted.org/packages/e6/eb/2a981a13e35cda8b75b5585aaffae2eb904f8f351bdd3870769692acbd8a/protobuf-6.33.0-cp39-abi3-manylinux2014_s390x.whl", hash = "sha256:e0a1715e4f27355afd9570f3ea369735afc853a6c3951a6afe1f80d8569ad298", size = 339159, upload-time = "2025-10-15T20:39:46.186Z" },
    { url = "https://files.pythonhosted.org/packages/21/51/0b1cbad62074439b867b4e04cc09b93f6699d78fd191bed2bbb44562e077/protobuf-6.33.0-cp39-abi3-manylinux2014_x86_64.whl", hash = "sha256:35be49fd3f4fefa4e6e2aacc35e8b837d6703c37a2168a55ac21e9b1bc7559ef", size = 323172, upload-time = "2025-10-15T20:39:47.465Z" },
    { url = "https://files.pythonhosted.org/packages/07/d1/0a28c21707807c6aacd5dc9c3704b2aa1effbf37adebd8caeaf68b17a636/protobuf-6.33.0-py3-none-any.whl", hash = "sha256:25c9e1963c6734448ea2d308cfa610e692b801304ba0908d7bfa564ac5132995", size = 170477, upload-time = "2025-10-15T20:39:51.311Z" },
]

[[package]]
name = "pychromecast"
version = "14.0.9"
source = { registry = "https://pypi.org/simple" }
dependencies = [
    { name = "casttube" },
    { name = "protobuf" },
    { name = "zeroconf" },
]
sdist = { url = "https://files.pythonhosted.org/packages/0d/8d/8ff8f1e114dcf8f7ed00e4d1472b5b6c2dc1c895cadadd7942ea1ec6ddd6/pychromecast-14.0.9.tar.gz", hash = "sha256:fe78841b0b04aa107d08aed216e91ab9cfb54b11d089d382be4e987e3631d4a6", size = 61484, upload-time = "2025-08-20T11:03:07.392Z" }
wheels = [
    { url = "https://files.pythonhosted.org/packages/8d/28/bdcde91d9644ea7d358cd5ff0ff95e9528ef1ee86eaa9e89b312bff74173/pychromecast-14.0.9-py2.py3-none-any.whl", hash = "sha256:77955c622a002f25e44a17536bd08916a7515d7f9c0878f1f94cac97af1c2a55", size = 77368, upload-time = "2025-08-20T11:03:06.285Z" },
]

[[package]]
name = "rangehttpserver"
version = "1.4.0"
source = { registry = "https://pypi.org/simple" }
sdist = { url = "https://files.pythonhosted.org/packages/36/3b/1ec139d6028c6e5eb10301f040d6eee5c5427a4b1b4d614a2f78d3bba1bd/rangehttpserver-1.4.0.tar.gz", hash = "sha256:d5ddccee219b359598e41da0c5fbf30a2579297094f5a682755e2586388a5306", size = 6993, upload-time = "2024-08-27T18:08:43.418Z" }
wheels = [
    { url = "https://files.pythonhosted.org/packages/2f/43/d7e2b9ad768c07b5473bea3ac7db9ca4d995c09399cbea3d4df1c0bd4955/rangehttpserver-1.4.0-py2.py3-none-any.whl", hash = "sha256:2a0c6926e4341de4cc19ec861292b005e4194ff497b1eefdeccb2992a5045452", size = 7773, upload-time = "2024-08-27T18:08:41.861Z" },
]

[[package]]
name = "requests"
version = "2.32.5"
source = { registry = "https://pypi.org/simple" }
dependencies = [
    { name = "certifi" },
    { name = "charset-normalizer" },
    { name = "idna" },
    { name = "urllib3" },
]
sdist = { url = "https://files.pythonhosted.org/packages/c9/74/b3ff8e6c8446842c3f5c837e9c3dfcfe2018ea6ecef224c710c85ef728f4/requests-2.32.5.tar.gz", hash = "sha256:dbba0bac56e100853db0ea71b82b4dfd5fe2bf6d3754a8893c3af500cec7d7cf", size = 134517, upload-time = "2025-08-18T20:46:02.573Z" }
wheels = [
    { url = "https://files.pythonhosted.org/packages/1e/db/4254e3eabe8020b458f1a747140d32277ec7a271daf1d235b70dc0b4e6e3/requests-2.32.5-py3-none-any.whl", hash = "sha256:2462f94637a34fd532264295e186976db0f5d453d1cdd31473c85a6a161affb6", size = 64738, upload-time = "2025-08-18T20:46:00.542Z" },
]

[[package]]
name = "urllib3"
version = "2.5.0"
source = { registry = "https://pypi.org/simple" }
sdist = { url = "https://files.pythonhosted.org/packages/15/22/9ee70a2574a4f4599c47dd506532914ce044817c7752a79b6a51286319bc/urllib3-2.5.0.tar.gz", hash = "sha256:3fc47733c7e419d4bc3f6b3dc2b4f890bb743906a30d56ba4a5bfa4bbff92760", size = 393185, upload-time = "2025-06-18T14:07:41.644Z" }
wheels = [
    { url = "https://files.pythonhosted.org/packages/a7/c2/fe1e52489ae3122415c51f387e221dd0773709bad6c6cdaa599e8a2c5185/urllib3-2.5.0-py3-none-any.whl", hash = "sha256:e6b01673c0fa6a13e374b50871808eb3bf7046c4b125b216f6bf1cc604cff0dc", size = 129795, upload-time = "2025-06-18T14:07:40.39Z" },
]

[[package]]
name = "yt-dlp"
version = "2025.10.22"
source = { registry = "https://pypi.org/simple" }
sdist = { url = "https://files.pythonhosted.org/packages/08/70/cf4bd6c837ab0a709040888caa70d166aa2dfbb5018d1d5c983bf0b50254/yt_dlp-2025.10.22.tar.gz", hash = "sha256:db2d48133222b1d9508c6de757859c24b5cefb9568cf68ccad85dac20b07f77b", size = 3046863, upload-time = "2025-10-22T19:53:19.301Z" }
wheels = [
    { url = "https://files.pythonhosted.org/packages/cc/2a/fd184bf97d570841aa86b4aeb84aee93e7957a34059dafd4982157c10bff/yt_dlp-2025.10.22-py3-none-any.whl", hash = "sha256:9c803a9598859f91d0d5bd3337f1506ecb40bbe97f6efbe93bc4461fed344fb2", size = 3248983, upload-time = "2025-10-22T19:53:16.483Z" },
]

[[package]]
name = "zeroconf"
version = "0.148.0"
source = { registry = "https://pypi.org/simple" }
dependencies = [
    { name = "ifaddr" },
]
sdist = { url = "https://files.pythonhosted.org/packages/67/46/10db987799629d01930176ae523f70879b63577060d63e05ebf9214aba4b/zeroconf-0.148.0.tar.gz", hash = "sha256:03fcca123df3652e23d945112d683d2f605f313637611b7d4adf31056f681702", size = 164447, upload-time = "2025-10-05T00:21:19.199Z" }
wheels = [
    { url = "https://files.pythonhosted.org/packages/46/09/394a24a633645063557c5144c9abb694699df76155dcab5e1e3078dd1323/zeroconf-0.148.0-cp313-cp313-macosx_10_13_x86_64.whl", hash = "sha256:6ad889929bdc3953530546a4a2486d8c07f5a18d4ef494a98446bf17414897a7", size = 1714465, upload-time = "2025-10-05T01:08:28.692Z" },
    { url = "https://files.pythonhosted.org/packages/3d/db/f57c4bfcceb67fe474705cbadba3f8f7a88bdc95892e74ba6d85e24d28c3/zeroconf-0.148.0-cp313-cp313-macosx_11_0_arm64.whl", hash = "sha256:29fb10be743650eb40863f1a1ee868df1869357a0c2ab75140ee3d7079540c1e", size = 1683877, upload-time = "2025-10-05T01:08:30.42Z" },
    { url = "https://files.pythonhosted.org/packages/54/6c/b3e2d39c40802a8cc9415357acdb76ff01bc29e25ffaa811771b6fffc428/zeroconf-0.148.0-cp313-cp313-manylinux2014_aarch64.manylinux_2_17_aarch64.manylinux_2_28_aarch64.whl", hash = "sha256:f2995e74969c577461060539164c47e1ba674470585cb0f954ebeb77f032f3c2", size = 2122874, upload-time = "2025-10-05T01:08:32.11Z" },
    { url = "https://files.pythonhosted.org/packages/66/eb/0ac2bf51d58d47cfa854628036a7ad95544a1802bc890f3d69649dc35e46/zeroconf-0.148.0-cp313-cp313-manylinux2014_armv7l.manylinux_2_17_armv7l.manylinux_2_31_armv7l.whl", hash = "sha256:5be50346efdc20823f9d68d8757612767d11ceb8da7637d46080977b87912551", size = 1922164, upload-time = "2025-10-05T01:08:33.78Z" },
    { url = "https://files.pythonhosted.org/packages/59/ff/c7372507c7e25ad3499fe08d4678deb1ed41c57f78ff5df43bd2d4d98cfc/zeroconf-0.148.0-cp313-cp313-manylinux2014_x86_64.manylinux_2_17_x86_64.manylinux_2_28_x86_64.whl", hash = "sha256:cc88fd01b5552ffb4d5bc551d027ac28a1852c03ceab754d02bd0d5f04c54e85", size = 2214119, upload-time = "2025-10-05T01:08:35.478Z" },
    { url = "https://files.pythonhosted.org/packages/d7/c7/57f0889f47923b4fa4364b62b7b3ffc347f6bad09a25ce4e578b8991a86d/zeroconf-0.148.0-cp313-cp313-manylinux_2_36_x86_64.whl", hash = "sha256:5af260c74187751c0df6a40f38d6fd17cb8658a734b0e1148a86084b71c1977c", size = 2137609, upload-time = "2025-10-05T00:21:15.953Z" },
    { url = "https://files.pythonhosted.org/packages/3b/33/9cb5558695c1377941dbb10a5591f88a787f9e1fba130642693d5c80663b/zeroconf-0.148.0-cp313-cp313-musllinux_1_2_aarch64.whl", hash = "sha256:b6078c73a76d49ba969ca2bb7067e4d58ebd2b79a5f956e45c4c989b11d36e03", size = 2154314, upload-time = "2025-10-05T01:08:37.523Z" },
    { url = "https://files.pythonhosted.org/packages/38/06/cf4e17a86922b4561d85d36f50f1adada1328723e882d95aa42baefa5479/zeroconf-0.148.0-cp313-cp313-musllinux_1_2_armv7l.whl", hash = "sha256:3e686bf741158f4253d5e0aa6a8f9d34b3140bf5826c0aca9b906273b9c77a5f", size = 2004973, upload-time = "2025-10-05T01:08:39.825Z" },
    { url = "https://files.pythonhosted.org/packages/a4/61/937a405783317639cd11e7bfab3879669896297b6ca2edfb0d2d9c8dbb30/zeroconf-0.148.0-cp313-cp313-musllinux_1_2_x86_64.whl", hash = "sha256:52d6ac06efe05a1e46089cfde066985782824f64b64c6982e8678e70b4b49453", size = 2237775, upload-time = "2025-10-05T01:08:41.535Z" },
    { url = "https://files.pythonhosted.org/packages/03/43/a1751c4b63e108a2318c2266e5afdd9d62292250aa8b1a8ed1674090885c/zeroconf-0.148.0-cp313-cp313-win32.whl", hash = "sha256:b9ba58e2bbb0cff020b54330916eaeb8ee8f4b0dde852e84f670f4ca3a0dd059", size = 1291073, upload-time = "2025-10-05T01:08:43.757Z" },
    { url = "https://files.pythonhosted.org/packages/5e/69/5f4f9eb14506e2afd2d423472e566d5455334d0c8740b933914d642bdbb5/zeroconf-0.148.0-cp313-cp313-win_amd64.whl", hash = "sha256:ee3fcc2edcc04635cf673c400abac2f0c22c9786490fbfb971e0a860a872bf26", size = 1528568, upload-time = "2025-10-05T01:08:45.505Z" },
    { url = "https://files.pythonhosted.org/packages/a5/46/ac86e3a3ff355058cd0818b01a3a97ca3f2abc0a034f1edb8eea27cea65c/zeroconf-0.148.0-cp314-cp314-macosx_10_13_x86_64.whl", hash = "sha256:2158d8bfefcdb90237937df65b2235870ccef04644497e4e29d3ab5a4b3199b6", size = 1714870, upload-time = "2025-10-05T01:08:47.624Z" },
    { url = "https://files.pythonhosted.org/packages/de/02/c5e8cd8dfda0ca16c7309c8d12c09a3114e5b50054bce3c93da65db8b8e4/zeroconf-0.148.0-cp314-cp314-macosx_11_0_arm64.whl", hash = "sha256:695f6663bf8df30fe1826a2c4d5acd8213d9cbd9111f59d375bf1ad635790e98", size = 1697756, upload-time = "2025-10-05T01:08:49.472Z" },
    { url = "https://files.pythonhosted.org/packages/63/04/a66c1011d05d7bb8ae6a847d41ac818271a942390f3d8c83c776389ca094/zeroconf-0.148.0-cp314-cp314-manylinux2014_aarch64.manylinux_2_17_aarch64.manylinux_2_28_aarch64.whl", hash = "sha256:aa65a24ec055be0a1cba2b986ac3e1c5d97a40abe164991aabc6a6416cc9df02", size = 2146784, upload-time = "2025-10-05T01:08:51.766Z" },
    { url = "https://files.pythonhosted.org/packages/7c/d4/2239d87c3f60f886bd2dd299e9c63b811efd58b8b6fc659d8fd0900db3bc/zeroconf-0.148.0-cp314-cp314-manylinux2014_armv7l.manylinux_2_17_armv7l.manylinux_2_31_armv7l.whl", hash = "sha256:79890df4ff696a5cdc4a59152957be568bea1423ed13632fc09e2a196c6721d5", size = 1899394, upload-time = "2025-10-05T01:08:53.457Z" },
    { url = "https://files.pythonhosted.org/packages/fb/60/534a4b576a8f9f5edff648ac9a5417323bef3086a77397f2f2058125a3c8/zeroconf-0.148.0-cp314-cp314-manylinux2014_x86_64.manylinux_2_17_x86_64.manylinux_2_28_x86_64.whl", hash = "sha256:6c0ca6e8e063eb5a385469bb8d8dec12381368031cb3a82c446225511863ede3", size = 2221319, upload-time = "2025-10-05T01:08:55.271Z" },
    { url = "https://files.pythonhosted.org/packages/b5/8c/1c8e9b7d604910830243ceb533d796dae98ed0c72902624a642487edfd61/zeroconf-0.148.0-cp314-cp314-musllinux_1_2_aarch64.whl", hash = "sha256:ece6f030cc7a771199760963c11ce4e77ed95011eedffb1ca5186247abfec24a", size = 2178586, upload-time = "2025-10-05T01:08:56.966Z" },
    { url = "https://files.pythonhosted.org/packages/16/55/178c4b95840dc687d45e413a74d2236a25395ab036f4813628271306ab9d/zeroconf-0.148.0-cp314-cp314-musllinux_1_2_armv7l.whl", hash = "sha256:c3f860ad0003a8999736fa2ae4c2051dd3c2e5df1bc1eaea2f872f5fcbd1f1c1", size = 1972371, upload-time = "2025-10-05T01:08:59.103Z" },
    { url = "https://files.pythonhosted.org/packages/fb/86/b599421fe634d9f3a2799f69e6e7db9f13f77d326331fa2bb5982e936665/zeroconf-0.148.0-cp314-cp314-musllinux_1_2_x86_64.whl", hash = "sha256:ab8e687255cf54ebeae7ede6a8be0566aec752c570e16dbea84b3f9b149ba829", size = 2244286, upload-time = "2025-10-05T01:09:01.029Z" },
    { url = "https://files.pythonhosted.org/packages/3e/cb/a30c42057be5da6bb4cbe1ab53bc3a7d9a29cd59caae097d3072a9375c14/zeroconf-0.148.0-cp314-cp314-win32.whl", hash = "sha256:6b1a6ddba3328d741798c895cecff21481863eb945c3e5d30a679461f4435684", size = 1321693, upload-time = "2025-10-05T01:09:02.715Z" },
    { url = "https://files.pythonhosted.org/packages/2c/38/06873cdf769130af463ef5acadbaf4a50826a7274374bc3b9a4ec5d32678/zeroconf-0.148.0-cp314-cp314-win_amd64.whl", hash = "sha256:2588f1ca889f57cdc09b3da0e51175f1b6153ce0f060bf5eb2a8804c5953b135", size = 1563980, upload-time = "2025-10-05T01:09:04.857Z" },
    { url = "https://files.pythonhosted.org/packages/36/fb/53d749793689279bc9657d818615176577233ad556d62f76f719e86ead1d/zeroconf-0.148.0-cp314-cp314t-macosx_10_13_x86_64.whl", hash = "sha256:40fe100381365c983a89e4b219a7ececcc2a789ac179cd26d4a6bbe00ae3e8fe", size = 3418152, upload-time = "2025-10-05T01:09:06.71Z" },
    { url = "https://files.pythonhosted.org/packages/b9/19/5eb647f7277378cbfdb6943dc8e60c3b17cdd1556f5082ccfdd6813e1ce8/zeroconf-0.148.0-cp314-cp314t-macosx_11_0_arm64.whl", hash = "sha256:0b9c7bcae8af8e27593bad76ee0f0c21d43c6a2324cd1e34d06e6e08cb3fd922", size = 3389671, upload-time = "2025-10-05T01:09:08.903Z" },
    { url = "https://files.pythonhosted.org/packages/86/12/3134aa54d30a9ae2e2473212eab586fe1779f845bf241e68729eca63d2ab/zeroconf-0.148.0-cp314-cp314t-manylinux2014_aarch64.manylinux_2_17_aarch64.manylinux_2_28_aarch64.whl", hash = "sha256:cf8ba75dacd58558769afb5da24d83da4fdc2a5c43a52f619aaa107fa55d3fdc", size = 4123125, upload-time = "2025-10-05T01:09:11.064Z" },
    { url = "https://files.pythonhosted.org/packages/12/23/4a0284254ebce373ff1aee7240932a0599ecf47e3c711f93242a861aa382/zeroconf-0.148.0-cp314-cp314t-manylinux2014_armv7l.manylinux_2_17_armv7l.manylinux_2_31_armv7l.whl", hash = "sha256:75f9a8212c541a4447c064433862fd4b23d75d47413912a28204d2f9c4929a59", size = 3651426, upload-time = "2025-10-05T01:09:13.725Z" },
    { url = "https://files.pythonhosted.org/packages/76/9a/7b79ef986b5467bb8f17b9a9e6eea887b0b56ecafc00515c81d118e681b4/zeroconf-0.148.0-cp314-cp314t-manylinux2014_x86_64.manylinux_2_17_x86_64.manylinux_2_28_x86_64.whl", hash = "sha256:be64c0eb48efa1972c13f7f17a7ac0ed7932ebb9672e57f55b17536412146206", size = 4263151, upload-time = "2025-10-05T01:09:15.732Z" },
    { url = "https://files.pythonhosted.org/packages/dd/0a/caa6d05548ca7cf28a0b8aa20a9dbb0f8176172f28799e53ea11f78692a3/zeroconf-0.148.0-cp314-cp314t-musllinux_1_2_aarch64.whl", hash = "sha256:ac1d4ee1d5bac71c27aea6d1dc1e1485423a1631a81be1ea65fb45ac280ade96", size = 4191717, upload-time = "2025-10-05T01:09:18.071Z" },
    { url = "https://files.pythonhosted.org/packages/46/f6/dbafa3b0f2d7a09315ed3ad588d36de79776ce49e00ec945c6195cad3f18/zeroconf-0.148.0-cp314-cp314t-musllinux_1_2_armv7l.whl", hash = "sha256:8da9bdb39ead9d5971136046146cd5e11413cb979c011e19f717b098788b5c37", size = 3793490, upload-time = "2025-10-05T01:09:20.045Z" },
    { url = "https://files.pythonhosted.org/packages/c4/05/f8b88937659075116c122355bdd9ce52376cc46e2269d91d7d4f10c9a658/zeroconf-0.148.0-cp314-cp314t-musllinux_1_2_x86_64.whl", hash = "sha256:f6e3dd22732df47a126aefb5ca4b267e828b47098a945d4468d38c72843dd6df", size = 4311455, upload-time = "2025-10-05T01:09:22.042Z" },
    { url = "https://files.pythonhosted.org/packages/58/c0/359bdb3b435d9c573aec1f877f8a63d5e81145deb6c160de89647b237363/zeroconf-0.148.0-cp314-cp314t-win32.whl", hash = "sha256:cdc8083f0b5efa908ab6c8e41687bcb75fd3d23f49ee0f34cbc58422437a456f", size = 2755961, upload-time = "2025-10-05T01:09:24.041Z" },
    { url = "https://files.pythonhosted.org/packages/d8/ab/7b487afd5d1fd053c5a018565be734ac6d5e554bce938c7cc126154adcfc/zeroconf-0.148.0-cp314-cp314t-win_amd64.whl", hash = "sha256:f72c1f77a89638e87f243a63979f0fd921ce391f83e18e17ec88f9f453717701", size = 3309977, upload-time = "2025-10-05T01:09:26.039Z" },
]
